NeoBundleLock VimClojure 2a17c249571395a7f45523d38cac6a9326ecf8f1
NeoBundleLock unite.vim b508b62d433bfaff063297cfdc3d8be701df713a
NeoBundleLock vimshell 235876dbe78e89fcc9a0e513bcbb237572d0b8ae
NeoBundleLock vim-trailing-whitespace d4ad27de051848e544e360482bdf076b154de0c1
NeoBundleLock syntastic de5e025ef0b8a9eec588d618ebaebd104945af4c
NeoBundleLock tcomment_vim 1916655a7c1a511fa50af8aea91cad54f32e57e5
NeoBundleLock vim-fugitive d3b98d988602b94dc705ca99b171bb9f5b6c8a2c
NeoBundleLock nerdtree f8fd2ecce20f5005e6313ce57d6d2a209890c946
NeoBundleLock vimproc eb2bc419dcac5ebf2db99794195e558f4ce204f8
NeoBundleLock neosnippet 23327c4379b45798fb5b3e644adb77208c8ce68d
NeoBundleLock vim-indent-guides eec1b629dc4cfa3986d20f21d4b4489732cd3f5a
NeoBundleLock neocomplcache 237442924ac366015e6e0a8a13a31ac37be0c696
NeoBundleLock neobundle.vim 4a3bb7fb323b62f571c22ff15139fe996dc60ac8
NeoBundleLock vim-slime d549e80f33270d8f82a4d475e0e16cac6997fdcd
NeoBundleLock neomru.vim e562f157565a2190f487088b5fdd95a4663adf03
